// !$*UTF8*$!
{
	archiveVersion = 1;
	classes = {
	};
	objectVersion = 50;
	objects = {

/* Begin PBXBuildFile section */
		2E10714D260E336B000EC718 /* CustomAnimationsApp.swift in Sources */ = {isa = PBXBuildFile; fileRef = 2E10714C260E336B000EC718 /* CustomAnimationsApp.swift */; };
		2E10714F260E336B000EC718 /* ContentView.swift in Sources */ = {isa = PBXBuildFile; fileRef = 2E10714E260E336B000EC718 /* ContentView.swift */; };
		2E107151260E336C000EC718 /* Assets.xcassets in Resources */ = {isa = PBXBuildFile; fileRef = 2E107150260E336C000EC718 /* Assets.xcassets */; };
		2E107154260E336C000EC718 /* Preview Assets.xcassets in Resources */ = {isa = PBXBuildFile; fileRef = 2E107153260E336C000EC718 /* Preview Assets.xcassets */; };
		2E10715D260E339A000EC718 /* FirstView.swift in Sources */ = {isa = PBXBuildFile; fileRef = 2E10715C260E339A000EC718 /* FirstView.swift */; };
		2E107160260E33A3000EC718 /* SecondView.swift in Sources */ = {isa = PBXBuildFile; fileRef = 2E10715F260E33A3000EC718 /* SecondView.swift */; };
		2E107165260E47A4000EC718 /* ContentView2.swift in Sources */ = {isa = PBXBuildFile; fileRef = 2E107164260E47A4000EC718 /* ContentView2.swift */; };
		2E107169260E47AC000EC718 /* FirstView2.swift in Sources */ = {isa = PBXBuildFile; fileRef = 2E107168260E47AC000EC718 /* FirstView2.swift */; };
		2E10716C260E47B6000EC718 /* SecondView2.swift in Sources */ = {isa = PBXBuildFile; fileRef = 2E10716B260E47B6000EC718 /* SecondView2.swift */; };
/* End PBXBuildFile section */

/* Begin PBXFileReference section */
		2E107149260E336B000EC718 /* CustomAnimations.app */ = {isa = PBXFileReference; explicitFileType = wrapper.application; includeInIndex = 0; path = CustomAnimations.app; sourceTree = BUILT_PRODUCTS_DIR; };
		2E10714C260E336B000EC718 /* CustomAnimationsApp.swift */ = {isa = PBXFileReference; lastKnownFileType = sourcecode.swift; path = CustomAnimationsApp.swift; sourceTree = "<group>"; };
		2E10714E260E336B000EC718 /* ContentView.swift */ = {isa = PBXFileReference; lastKnownFileType = sourcecode.swift; path = ContentView.swift; sourceTree = "<group>"; };
		2E107150260E336C000EC718 /* Assets.xcassets */ = {isa = PBXFileReference; lastKnownFileType = folder.assetcatalog; path = Assets.xcassets; sourceTree = "<group>"; };
		2E107153260E336C000EC718 /* Preview Assets.xcassets */ = {isa = PBXFileReference; lastKnownFileType = folder.assetcatalog; path = "Preview Assets.xcassets"; sourceTree = "<group>"; };
		2E107155260E336C000EC718 /* Info.plist */ = {isa = PBXFileReference; lastKnownFileType = text.plist.xml; path = Info.plist; sourceTree = "<group>"; };
		2E10715C260E339A000EC718 /* FirstView.swift */ = {isa = PBXFileReference; lastKnownFileType = sourcecode.swift; path = FirstView.swift; sourceTree = "<group>"; };
		2E10715F260E33A3000EC718 /* SecondView.swift */ = {isa = PBXFileReference; lastKnownFileType = sourcecode.swift; path = SecondView.swift; sourceTree = "<group>"; };
		2E107164260E47A4000EC718 /* ContentView2.swift */ = {isa = PBXFileReference; lastKnownFileType = sourcecode.swift; path = ContentView2.swift; sourceTree = "<group>"; };
		2E107168260E47AC000EC718 /* FirstView2.swift */ = {isa = PBXFileReference; lastKnownFileType = sourcecode.swift; path = FirstView2.swift; sourceTree = "<group>"; };
		2E10716B260E47B6000EC718 /* SecondView2.swift */ = {isa = PBXFileReference; lastKnownFileType = sourcecode.swift; path = SecondView2.swift; sourceTree = "<group>"; };
/* End PBXFileReference section */

/* Begin PBXFrameworksBuildPhase section */
		2E107146260E336B000EC718 /* Frameworks */ = {
			isa = PBXFrameworksBuildPhase;
			buildActionMask = 2147483647;
			files = (
			);
			runOnlyForDeploymentPostprocessing = 0;
		};
/* End PBXFrameworksBuildPhase section */

/* Begin PBXGroup section */
		2E107140260E336B000EC718 = {
			isa = PBXGroup;
			children = (
				2E10714B260E336B000EC718 /* CustomAnimations */,
				2E10714A260E336B000EC718 /* Products */,
			);
			sourceTree = "<group>";
		};
		2E10714A260E336B000EC718 /* Products */ = {
			isa = PBXGroup;
			children = (
				2E107149260E336B000EC718 /* CustomAnimations.app */,
			);
			name = Products;
			sourceTree = "<group>";
		};
		2E10714B260E336B000EC718 /* CustomAnimations */ = {
			isa = PBXGroup;
			children = (
				2E10714C260E336B000EC718 /* CustomAnimationsApp.swift */,
				2E107162260E477D000EC718 /* CustomPush */,
				2E107163260E478D000EC718 /* NavigationPush */,
				2E107150260E336C000EC718 /* Assets.xcassets */,
				2E107155260E336C000EC718 /* Info.plist */,
				2E107152260E336C000EC718 /* Preview Content */,
			);
			path = CustomAnimations;
			sourceTree = "<group>";
		};
		2E107152260E336C000EC718 /* Preview Content */ = {
			isa = PBXGroup;
			children = (
				2E107153260E336C000EC718 /* Preview Assets.xcassets */,
			);
			path = "Preview Content";
			sourceTree = "<group>";
		};
		2E107162260E477D000EC718 /* CustomPush */ = {
			isa = PBXGroup;
			children = (
				2E10714E260E336B000EC718 /* ContentView.swift */,
				2E10715C260E339A000EC718 /* FirstView.swift */,
				2E10715F260E33A3000EC718 /* SecondView.swift */,
			);
			path = CustomPush;
			sourceTree = "<group>";
		};
		2E107163260E478D000EC718 /* NavigationPush */ = {
			isa = PBXGroup;
			children = (
				2E107164260E47A4000EC718 /* ContentView2.swift */,
				2E107168260E47AC000EC718 /* FirstView2.swift */,
				2E10716B260E47B6000EC718 /* SecondView2.swift */,
			);
			path = NavigationPush;
			sourceTree = "<group>";
		};
/* End PBXGroup section */

/* Begin PBXNativeTarget section */
		2E107148260E336B000EC718 /* CustomAnimations */ = {
			isa = PBXNativeTarget;
			buildConfigurationList = 2E107158260E336C000EC718 /* Build configuration list for PBXNativeTarget "CustomAnimations" */;
			buildPhases = (
				2E107145260E336B000EC718 /* Sources */,
				2E107146260E336B000EC718 /* Frameworks */,
				2E107147260E336B000EC718 /* Resources */,
			);
			buildRules = (
			);
			dependencies = (
			);
			name = CustomAnimations;
			productName = CustomAnimations;
			productReference = 2E107149260E336B000EC718 /* CustomAnimations.app */;
			productType = "com.apple.product-type.application";
		};
/* End PBXNativeTarget section */

/* Begin PBXProject section */
		2E107141260E336B000EC718 /* Project object */ = {
			isa = PBXProject;
			attributes = {
				LastSwiftUpdateCheck = 1240;
				LastUpgradeCheck = 1240;
				TargetAttributes = {
					2E107148260E336B000EC718 = {
						CreatedOnToolsVersion = 12.4;
					};
				};
			};
			buildConfigurationList = 2E107144260E336B000EC718 /* Build configuration list for PBXProject "CustomAnimations" */;
			compatibilityVersion = "Xcode 9.3";
			developmentRegion = en;
			hasScannedForEncodings = 0;
			knownRegions = (
				en,
				Base,
			);
			mainGroup = 2E107140260E336B000EC718;
			productRefGroup = 2E10714A260E336B000EC718 /* Products */;
			projectDirPath = "";
			projectRoot = "";
			targets = (
				2E107148260E336B000EC718 /* CustomAnimations */,
			);
		};
/* End PBXProject section */

/* Begin PBXResourcesBuildPhase section */
		2E107147260E336B000EC718 /* Resources */ = {
			isa = PBXResourcesBuildPhase;
			buildActionMask = 2147483647;
			files = (
				2E107154260E336C000EC718 /* Preview Assets.xcassets in Resources */,
				2E107151260E336C000EC718 /* Assets.xcassets in Resources */,
			);
			runOnlyForDeploymentPostprocessing = 0;
		};
/* End PBXResourcesBuildPhase section */

/* Begin PBXSourcesBuildPhase section */
		2E107145260E336B000EC718 /* Sources */ = {
			isa = PBXSourcesBuildPhase;
			buildActionMask = 2147483647;
			files = (
				2E10714F260E336B000EC718 /* ContentView.swift in Sources */,
				2E10715D260E339A000EC718 /* FirstView.swift in Sources */,
				2E107160260E33A3000EC718 /* SecondView.swift in Sources */,
				2E107165260E47A4000EC718 /* ContentView2.swift in Sources */,
				2E10716C260E47B6000EC718 /* SecondView2.swift in Sources */,
				2E107169260E47AC000EC718 /* FirstView2.swift in Sources */,
				2E10714D260E336B000EC718 /* CustomAnimationsApp.swift in Sources */,
			);
			runOnlyForDeploymentPostprocessing = 0;
		};
/* End PBXSourcesBuildPhase section */

/* Begin XCBuildConfiguration section */
		2E107156260E336C000EC718 /* Debug */ = {
			isa = XCBuildConfiguration;
			buildSettings = {
				ALWAYS_SEARCH_USER_PATHS = NO;
				CLANG_ANALYZER_NONNULL = YES;
				CLANG_ANALYZER_NUMBER_OBJECT_CONVERSION = YES_AGGRESSIVE;
				CLANG_CXX_LANGUAGE_STANDARD = "gnu++14";
				CLANG_CXX_LIBRARY = "libc++";
				CLANG_ENABLE_MODULES = YES;
				CLANG_ENABLE_OBJC_ARC = YES;
				CLANG_ENABLE_OBJC_WEAK = YES;
				CLANG_WARN_BLOCK_CAPTURE_AUTORELEASING = YES;
				CLANG_WARN_BOOL_CONVERSION = YES;
				CLANG_WARN_COMMA = YES;
				CLANG_WARN_CONSTANT_CONVERSION = YES;
				CLANG_WARN_DEPRECATED_OBJC_IMPLEMENTATIONS = YES;
				CLANG_WARN_DIRECT_OBJC_ISA_USAGE = YES_ERROR;
				CLANG_WARN_DOCUMENTATION_COMMENTS = YES;
				CLANG_WARN_EMPTY_BODY = YES;
				CLANG_WARN_ENUM_CONVERSION = YES;
				CLANG_WARN_INFINITE_RECURSION = YES;
				CLANG_WARN_INT_CONVERSION = YES;
				CLANG_WARN_NON_LITERAL_NULL_CONVERSION = YES;
				CLANG_WARN_OBJC_IMPLICIT_RETAIN_SELF = YES;
				CLANG_WARN_OBJC_LITERAL_CONVERSION = YES;
				CLANG_WARN_OBJC_ROOT_CLASS = YES_ERROR;
				CLANG_WARN_QUOTED_INCLUDE_IN_FRAMEWORK_HEADER = YES;
				CLANG_WARN_RANGE_LOOP_ANALYSIS = YES;
				CLANG_WARN_STRICT_PROTOTYPES = YES;
				CLANG_WARN_SUSPICIOUS_MOVE = YES;
				CLANG_WARN_UNGUARDED_AVAILABILITY = YES_AGGRESSIVE;
				CLANG_WARN_UNREACHABLE_CODE = YES;
				CLANG_WARN__DUPLICATE_METHOD_MATCH = YES;
				COPY_PHASE_STRIP = NO;
				DEBUG_INFORMATION_FORMAT = dwarf;
				ENABLE_STRICT_OBJC_MSGSEND = YES;
				ENABLE_TESTABILITY = YES;
				GCC_C_LANGUAGE_STANDARD = gnu11;
				GCC_DYNAMIC_NO_PIC = NO;
				GCC_NO_COMMON_BLOCKS = YES;
				GCC_OPTIMIZATION_LEVEL = 0;
				GCC_PREPROCESSOR_DEFINITIONS = (
					"DEBUG=1",
					"$(inherited)",
				);
				GCC_WARN_64_TO_32_BIT_CONVERSION = YES;
				GCC_WARN_ABOUT_RETURN_TYPE = YES_ERROR;
				GCC_WARN_UNDECLARED_SELECTOR = YES;
				GCC_WARN_UNINITIALIZED_AUTOS = YES_AGGRESSIVE;
				GCC_WARN_UNUSED_FUNCTION = YES;
				GCC_WARN_UNUSED_VARIABLE = YES;
				IPHONEOS_DEPLOYMENT_TARGET = 14.4;
				MTL_ENABLE_DEBUG_INFO = INCLUDE_SOURCE;
				MTL_FAST_MATH = YES;
				ONLY_ACTIVE_ARCH = YES;
				SDKROOT = iphoneos;
				SWIFT_ACTIVE_COMPILATION_CONDITIONS = DEBUG;
				SWIFT_OPTIMIZATION_LEVEL = "-Onone";
			};
			name = Debug;
		};
		2E107157260E336C000EC718 /* Release */ = {
			isa = XCBuildConfiguration;
			buildSettings = {
				ALWAYS_SEARCH_USER_PATHS = NO;
				CLANG_ANALYZER_NONNULL = YES;
				CLANG_ANALYZER_NUMBER_OBJECT_CONVERSION = YES_AGGRESSIVE;
				CLANG_CXX_LANGUAGE_STANDARD = "gnu++14";
				CLANG_CXX_LIBRARY = "libc++";
				CLANG_ENABLE_MODULES = YES;
				CLANG_ENABLE_OBJC_ARC = YES;
				CLANG_ENABLE_OBJC_WEAK = YES;
				CLANG_WARN_BLOCK_CAPTURE_AUTORELEASING = YES;
				CLANG_WARN_BOOL_CONVERSION = YES;
				CLANG_WARN_COMMA = YES;
				CLANG_WARN_CONSTANT_CONVERSION = YES;
				CLANG_WARN_DEPRECATED_OBJC_IMPLEMENTATIONS = YES;
				CLANG_WARN_DIRECT_OBJC_ISA_USAGE = YES_ERROR;
				CLANG_WARN_DOCUMENTATION_COMMENTS = YES;
				CLANG_WARN_EMPTY_BODY = YES;
				CLANG_WARN_ENUM_CONVERSION = YES;
				CLANG_WARN_INFINITE_RECURSION = YES;
				CLANG_WARN_INT_CONVERSION = YES;
				CLANG_WARN_NON_LITERAL_NULL_CONVERSION = YES;
				CLANG_WARN_OBJC_IMPLICIT_RETAIN_SELF = YES;
				CLANG_WARN_OBJC_LITERAL_CONVERSION = YES;
				CLANG_WARN_OBJC_ROOT_CLASS = YES_ERROR;
				CLANG_WARN_QUOTED_INCLUDE_IN_FRAMEWORK_HEADER = YES;
				CLANG_WARN_RANGE_LOOP_ANALYSIS = YES;
				CLANG_WARN_STRICT_PROTOTYPES = YES;
				CLANG_WARN_SUSPICIOUS_MOVE = YES;
				CLANG_WARN_UNGUARDED_AVAILABILITY = YES_AGGRESSIVE;
				CLANG_WARN_UNREACHABLE_CODE = YES;
				CLANG_WARN__DUPLICATE_METHOD_MATCH = YES;
				COPY_PHASE_STRIP = NO;
				DEBUG_INFORMATION_FORMAT = "dwarf-with-dsym";
				ENABLE_NS_ASSERTIONS = NO;
				ENABLE_STRICT_OBJC_MSGSEND = YES;
				GCC_C_LANGUAGE_STANDARD = gnu11;
				GCC_NO_COMMON_BLOCKS = YES;
				GCC_WARN_64_TO_32_BIT_CONVERSION = YES;
				GCC_WARN_ABOUT_RETURN_TYPE = YES_ERROR;
				GCC_WARN_UNDECLARED_SELECTOR = YES;
				GCC_WARN_UNINITIALIZED_AUTOS = YES_AGGRESSIVE;
				GCC_WARN_UNUSED_FUNCTION = YES;
				GCC_WARN_UNUSED_VARIABLE = YES;
				IPHONEOS_DEPLOYMENT_TARGET = 14.4;
				MTL_ENABLE_DEBUG_INFO = NO;
				MTL_FAST_MATH = YES;
				SDKROOT = iphoneos;
				SWIFT_COMPILATION_MODE = wholemodule;
				SWIFT_OPTIMIZATION_LEVEL = "-O";
				VALIDATE_PRODUCT = YES;
			};
			name = Release;
		};
		2E107159260E336C000EC718 /* Debug */ = {
			isa = XCBuildConfiguration;
			buildSettings = {
				ASSETCATALOG_COMPILER_APPICON_NAME = AppIcon;
				ASSETCATALOG_COMPILER_GLOBAL_ACCENT_COLOR_NAME = AccentColor;
				CODE_SIGN_STYLE = Automatic;
				DEVELOPMENT_ASSET_PATHS = "\"CustomAnimations/Preview Content\"";
				DEVELOPMENT_TEAM = 5GARSM38JL;
				ENABLE_PREVIEWS = YES;
				INFOPLIST_FILE = CustomAnimations/Info.plist;
				IPHONEOS_DEPLOYMENT_TARGET = 14.0;
				LD_RUNPATH_SEARCH_PATHS = (
					"$(inherited)",
					"@executable_path/Frameworks",
				);
				PRODUCT_BUNDLE_IDENTIFIER = com.worldline.fslabs.CustomAnimations;
				PRODUCT_NAME = "$(TARGET_NAME)";
				SWIFT_VERSION = 5.0;
				TARGETED_DEVICE_FAMILY = "1,2";
			};
			name = Debug;
		};
		2E10715A260E336C000EC718 /* Release */ = {
			isa = XCBuildConfiguration;
			buildSettings = {
				ASSETCATALOG_COMPILER_APPICON_NAME = AppIcon;
				ASSETCATALOG_COMPILER_GLOBAL_ACCENT_COLOR_NAME = AccentColor;
				CODE_SIGN_STYLE = Automatic;
				DEVELOPMENT_ASSET_PATHS = "\"CustomAnimations/Preview Content\"";
				DEVELOPMENT_TEAM = 5GARSM38JL;
				ENABLE_PREVIEWS = YES;
				INFOPLIST_FILE = CustomAnimations/Info.plist;
				IPHONEOS_DEPLOYMENT_TARGET = 14.0;
				LD_RUNPATH_SEARCH_PATHS = (
					"$(inherited)",
					"@executable_path/Frameworks",
				);
				PRODUCT_BUNDLE_IDENTIFIER = com.worldline.fslabs.CustomAnimations;
				PRODUCT_NAME = "$(TARGET_NAME)";
				SWIFT_VERSION = 5.0;
				TARGETED_DEVICE_FAMILY = "1,2";
			};
			name = Release;
		};
/* End XCBuildConfiguration section */

/* Begin XCConfigurationList section */
		2E107144260E336B000EC718 /* Build configuration list for PBXProject "CustomAnimations" */ = {
			isa = XCConfigurationList;
			buildConfigurations = (
				2E107156260E336C000EC718 /* Debug */,
				2E107157260E336C000EC718 /* Release */,
			);
			defaultConfigurationIsVisible = 0;
			defaultConfigurationName = Release;
		};
		2E107158260E336C000EC718 /* Build configuration list for PBXNativeTarget "CustomAnimations" */ = {
			isa = XCConfigurationList;
			buildConfigurations = (
				2E107159260E336C000EC718 /* Debug */,
				2E10715A260E336C000EC718 /* Release */,
			);
			defaultConfigurationIsVisible = 0;
			defaultConfigurationName = Release;
		};
/* End XCConfigurationList section */
	};
	rootObject = 2E107141260E336B000EC718 /* Project object */;
}
